{
  "originHash" : "ba390fd8818d5fbcc09a36b369a19686d22736ddfe781a152be394006c29fec2",
  "pins" : [
    {
      "identity" : "swift-cmark",
      "kind" : "remoteSourceControl",
      "location" : "https://github.com/swiftlang/swift-cmark.git",
      "state" : {
        "revision" : "08ddb528923cc1a6527e02b7a1aee9e516ca749a",
        "version" : "0.9.0"
      }
    }
  ],
  "version" : 3
}
